
Microsoft Visual Studio Solution File, Format Version 10.00
# Visual Studio 2008
Project("{8BC9CEB8-8B4A-11D0-8D11-00A0C91BC942}") = "MtConnectDboardGui", "MtConnectDboardGui\MtConnectDboardGui9.vcproj", "{AC129025-3BF5-454A-980B-4D32167450C0}"
EndProject
Global
	GlobalSection(SolutionConfigurationPlatforms) = preSolution
		Debug|Win32 = Debug|Win32
		Release|Win32 = Release|Win32
	EndGlobalSection
	GlobalSection(ProjectConfigurationPlatforms) = postSolution
		{AC129025-3BF5-454A-980B-4D32167450C0}.Debug|Win32.ActiveCfg = Debug|Win32
		{AC129025-3BF5-454A-980B-4D32167450C0}.Debug|Win32.Build.0 = Debug|Win32
		{AC129025-3BF5-454A-980B-4D32167450C0}.Release|Win32.ActiveCfg = Release|Win32
		{AC129025-3BF5-454A-980B-4D32167450C0}.Release|Win32.Build.0 = Release|Win32
	EndGlobalSection
	GlobalSection(SolutionProperties) = preSolution
		HideSolutionNode = FALSE
	EndGlobalSection
EndGlobal
