<?xml version="1.0" encoding="utf-8"?>
<Project ToolsVersion="4.0" xmlns="http://schemas.microsoft.com/developer/msbuild/2003">
  <ItemGroup>
    <Filter Include="Source Files">
      <UniqueIdentifier>{2d333224-9b50-4374-a409-ce79576d47e2}</UniqueIdentifier>
      <Extensions>cpp;c;cxx;def;odl;idl;hpj;bat;asm</Extensions>
    </Filter>
    <Filter Include="Header Files">
      <UniqueIdentifier>{32777493-7bf8-45bd-a5c0-da2e9668b410}</UniqueIdentifier>
      <Extensions>h;hpp;hxx;hm;inl;inc</Extensions>
    </Filter>
    <Filter Include="Resource Files">
      <UniqueIdentifier>{04e42245-3aa6-40d4-a843-a5018c0f4a48}</UniqueIdentifier>
      <Extensions>rc;ico;cur;bmp;dlg;rc2;rct;bin;rgs;jpg;jpeg;jpe;manifest</Extensions>
    </Filter>
    <Filter Include="src">
      <UniqueIdentifier>{8d9d6a1c-fbd3-4639-ae49-2c1c327b6bbd}</UniqueIdentifier>
    </Filter>
  </ItemGroup>
  <ItemGroup>
    <ClCompile Include="DataArchiver.cpp">
      <Filter>Source Files</Filter>
    </ClCompile>
    <ClCompile Include="logger.cpp">
      <Filter>Source Files</Filter>
    </ClCompile>
    <ClCompile Include="MicroInterpreter.cpp">
      <Filter>Source Files</Filter>
    </ClCompile>
    <ClCompile Include="MtConnectDboard.cpp">
      <Filter>Source Files</Filter>
    </ClCompile>
    <ClCompile Include="MTConnectStreamsParser.cpp">
      <Filter>Source Files</Filter>
    </ClCompile>
    <ClCompile Include="service.cpp">
      <Filter>Source Files</Filter>
    </ClCompile>
    <ClCompile Include="Snapshots.cpp">
      <Filter>Source Files</Filter>
    </ClCompile>
    <ClCompile Include="stdafx.cpp">
      <Filter>Source Files</Filter>
    </ClCompile>
    <ClCompile Include="..\src\AlarmHandler.cpp">
      <Filter>src</Filter>
    </ClCompile>
    <ClCompile Include="..\src\DataDictionary.cpp">
      <Filter>src</Filter>
    </ClCompile>
    <ClCompile Include="..\src\DBLogger.cpp">
      <Filter>src</Filter>
    </ClCompile>
    <ClCompile Include="..\src\ExcelArchiver.cpp">
      <Filter>src</Filter>
    </ClCompile>
    <ClCompile Include="..\Math\mtrand.cpp">
      <Filter>src</Filter>
    </ClCompile>
    <ClCompile Include="..\src\Registry.cpp">
      <Filter>src</Filter>
    </ClCompile>
    <ClCompile Include="..\Math\rv.cpp">
      <Filter>src</Filter>
    </ClCompile>
    <ClCompile Include="..\Math\SimMath.cpp">
      <Filter>src</Filter>
    </ClCompile>
    <ClCompile Include="..\Math\SimMathTest.cpp">
      <Filter>src</Filter>
    </ClCompile>
    <ClCompile Include="..\src\OdbcArchiver.cpp">
      <Filter>Source Files</Filter>
    </ClCompile>
  </ItemGroup>
  <ItemGroup>
    <ClInclude Include="DataArchiver.h">
      <Filter>Header Files</Filter>
    </ClInclude>
    <ClInclude Include="logger.hpp">
      <Filter>Header Files</Filter>
    </ClInclude>
    <ClInclude Include="MtConnectDboard.h">
      <Filter>Header Files</Filter>
    </ClInclude>
    <ClInclude Include="MTConnectStreamsParser.h">
      <Filter>Header Files</Filter>
    </ClInclude>
    <ClInclude Include="resource.h">
      <Filter>Header Files</Filter>
    </ClInclude>
    <ClInclude Include="service.hpp">
      <Filter>Header Files</Filter>
    </ClInclude>
    <ClInclude Include="Snapshots.h">
      <Filter>Header Files</Filter>
    </ClInclude>
    <ClInclude Include="stdafx.h">
      <Filter>Header Files</Filter>
    </ClInclude>
    <ClInclude Include="..\src\AlarmHandler.h">
      <Filter>src</Filter>
    </ClInclude>
    <ClInclude Include="..\src\Config.h">
      <Filter>src</Filter>
    </ClInclude>
    <ClInclude Include="..\src\DataDictionary.h">
      <Filter>src</Filter>
    </ClInclude>
    <ClInclude Include="..\src\DBLogger.h">
      <Filter>src</Filter>
    </ClInclude>
    <ClInclude Include="..\src\dcomutils.h">
      <Filter>src</Filter>
    </ClInclude>
    <ClInclude Include="..\src\ExcelArchiver.h">
      <Filter>src</Filter>
    </ClInclude>
    <ClInclude Include="..\src\Logger.h">
      <Filter>src</Filter>
    </ClInclude>
    <ClInclude Include="..\src\Registry.h">
      <Filter>src</Filter>
    </ClInclude>
    <ClInclude Include="..\src\StdStringFcn.h">
      <Filter>src</Filter>
    </ClInclude>
    <ClInclude Include="..\src\Thread.h">
      <Filter>src</Filter>
    </ClInclude>
    <ClInclude Include="..\src\trayiconimpl.h">
      <Filter>src</Filter>
    </ClInclude>
    <ClInclude Include="..\src\OdbcArchiver.h">
      <Filter>Source Files</Filter>
    </ClInclude>
  </ItemGroup>
  <ItemGroup>
    <None Include="res\clear.ico">
      <Filter>Resource Files</Filter>
    </None>
    <None Include="res\idle.ico">
      <Filter>Resource Files</Filter>
    </None>
    <None Include="res\idr_main.ico">
      <Filter>Resource Files</Filter>
    </None>
    <None Include="res\MtConnectDboard.ico">
      <Filter>Resource Files</Filter>
    </None>
    <None Include="res\stop.ico">
      <Filter>Resource Files</Filter>
    </None>
    <None Include="authenticate.txt" />
    <None Include="Notes.txt" />
  </ItemGroup>
  <ItemGroup>
    <ResourceCompile Include="MtConnectDboard.rc">
      <Filter>Resource Files</Filter>
    </ResourceCompile>
  </ItemGroup>
</Project>