Microsoft Visual Studio Solution File, Format Version 11.00
# Visual Studio 2010
Project("{54435603-DBB4-11D2-8724-00A0C9A8B90C}") = "Setup", "Setup\Setup.vdproj", "{AC2EFE24-9CB9-4152-A1B3-52AE18AEE7C6}"
EndProject
Project("{8BC9CEB8-8B4A-11D0-8D11-00A0C91BC942}") = "MtcOpcAgent", "MtcOpcAgent\MtcOpcAgent.vcxproj", "{DC65A801-F55B-4EC9-8A05-A13E05949CF1}"
EndProject
Project("{8BC9CEB8-8B4A-11D0-8D11-00A0C91BC942}") = "MtCustomAction", "MtCustomAction\MtCustomAction.vcxproj", "{46B73354-068E-4217-95BA-DEB74103F687}"
EndProject
Global
	GlobalSection(SolutionConfigurationPlatforms) = preSolution
		Debug|Win32 = Debug|Win32
		Debug|x64 = Debug|x64
		Release|Win32 = Release|Win32
		Release|x64 = Release|x64
		Template|Win32 = Template|Win32
		Template|x64 = Template|x64
	EndGlobalSection
	GlobalSection(ProjectConfigurationPlatforms) = postSolution
		{AC2EFE24-9CB9-4152-A1B3-52AE18AEE7C6}.Debug|Win32.ActiveCfg = Debug
		{AC2EFE24-9CB9-4152-A1B3-52AE18AEE7C6}.Debug|Win32.Build.0 = Debug
		{AC2EFE24-9CB9-4152-A1B3-52AE18AEE7C6}.Debug|x64.ActiveCfg = Debug
		{AC2EFE24-9CB9-4152-A1B3-52AE18AEE7C6}.Debug|x64.Build.0 = Debug
		{AC2EFE24-9CB9-4152-A1B3-52AE18AEE7C6}.Release|Win32.ActiveCfg = Release
		{AC2EFE24-9CB9-4152-A1B3-52AE18AEE7C6}.Release|Win32.Build.0 = Release
		{AC2EFE24-9CB9-4152-A1B3-52AE18AEE7C6}.Release|x64.ActiveCfg = Release
		{AC2EFE24-9CB9-4152-A1B3-52AE18AEE7C6}.Release|x64.Build.0 = Release
		{AC2EFE24-9CB9-4152-A1B3-52AE18AEE7C6}.Template|Win32.ActiveCfg = Release
		{AC2EFE24-9CB9-4152-A1B3-52AE18AEE7C6}.Template|Win32.Build.0 = Release
		{AC2EFE24-9CB9-4152-A1B3-52AE18AEE7C6}.Template|x64.ActiveCfg = Release
		{AC2EFE24-9CB9-4152-A1B3-52AE18AEE7C6}.Template|x64.Build.0 = Release
		{DC65A801-F55B-4EC9-8A05-A13E05949CF1}.Debug|Win32.ActiveCfg = Debug|Win32
		{DC65A801-F55B-4EC9-8A05-A13E05949CF1}.Debug|Win32.Build.0 = Debug|Win32
		{DC65A801-F55B-4EC9-8A05-A13E05949CF1}.Debug|x64.ActiveCfg = Debug|x64
		{DC65A801-F55B-4EC9-8A05-A13E05949CF1}.Debug|x64.Build.0 = Debug|x64
		{DC65A801-F55B-4EC9-8A05-A13E05949CF1}.Release|Win32.ActiveCfg = Release|Win32
		{DC65A801-F55B-4EC9-8A05-A13E05949CF1}.Release|Win32.Build.0 = Release|Win32
		{DC65A801-F55B-4EC9-8A05-A13E05949CF1}.Release|x64.ActiveCfg = Release|x64
		{DC65A801-F55B-4EC9-8A05-A13E05949CF1}.Release|x64.Build.0 = Release|x64
		{DC65A801-F55B-4EC9-8A05-A13E05949CF1}.Template|Win32.ActiveCfg = Release|x64
		{DC65A801-F55B-4EC9-8A05-A13E05949CF1}.Template|x64.ActiveCfg = Release|x64
		{DC65A801-F55B-4EC9-8A05-A13E05949CF1}.Template|x64.Build.0 = Release|x64
		{46B73354-068E-4217-95BA-DEB74103F687}.Debug|Win32.ActiveCfg = Debug|Win32
		{46B73354-068E-4217-95BA-DEB74103F687}.Debug|Win32.Build.0 = Debug|Win32
		{46B73354-068E-4217-95BA-DEB74103F687}.Debug|x64.ActiveCfg = Debug|x64
		{46B73354-068E-4217-95BA-DEB74103F687}.Debug|x64.Build.0 = Debug|x64
		{46B73354-068E-4217-95BA-DEB74103F687}.Release|Win32.ActiveCfg = Release|Win32
		{46B73354-068E-4217-95BA-DEB74103F687}.Release|Win32.Build.0 = Release|Win32
		{46B73354-068E-4217-95BA-DEB74103F687}.Release|x64.ActiveCfg = Release|x64
		{46B73354-068E-4217-95BA-DEB74103F687}.Release|x64.Build.0 = Release|x64
		{46B73354-068E-4217-95BA-DEB74103F687}.Template|Win32.ActiveCfg = Template|Win32
		{46B73354-068E-4217-95BA-DEB74103F687}.Template|Win32.Build.0 = Template|Win32
		{46B73354-068E-4217-95BA-DEB74103F687}.Template|x64.ActiveCfg = Template|x64
		{46B73354-068E-4217-95BA-DEB74103F687}.Template|x64.Build.0 = Template|x64
	EndGlobalSection
	GlobalSection(SolutionProperties) = preSolution
		HideSolutionNode = FALSE
	EndGlobalSection
EndGlobal
