<?xml version="1.0" encoding="utf-8"?>
<Project ToolsVersion="4.0" xmlns="http://schemas.microsoft.com/developer/msbuild/2003">
  <ItemGroup>
    <Filter Include="Source Files">
      <UniqueIdentifier>{7444a171-410c-441b-8b06-fb22b1dc05b8}</UniqueIdentifier>
      <Extensions>cpp;c;cxx;def;odl;idl;hpj;bat;asm</Extensions>
    </Filter>
    <Filter Include="Header Files">
      <UniqueIdentifier>{5dd1681b-0405-4260-833a-46d10d291306}</UniqueIdentifier>
      <Extensions>h;hpp;hxx;hm;inl;inc</Extensions>
    </Filter>
    <Filter Include="Resource Files">
      <UniqueIdentifier>{51b95349-94cb-42af-a33b-75d789064aa6}</UniqueIdentifier>
      <Extensions>rc;ico;cur;bmp;dlg;rc2;rct;bin;rgs;jpg;jpeg;jpe;manifest</Extensions>
    </Filter>
  </ItemGroup>
  <ItemGroup>
    <ClCompile Include="AboutDlg.cpp">
      <Filter>Source Files</Filter>
    </ClCompile>
    <ClCompile Include="CMTConnectTrayIcon.cpp">
      <Filter>Source Files</Filter>
    </ClCompile>
    <ClCompile Include="MainFrm.cpp">
      <Filter>Source Files</Filter>
    </ClCompile>
    <ClCompile Include="MtConnectDboardGui.cpp">
      <Filter>Source Files</Filter>
    </ClCompile>
    <ClCompile Include="SiteImpl.cpp">
      <Filter>Source Files</Filter>
    </ClCompile>
    <ClCompile Include="stdafx.cpp">
      <Filter>Source Files</Filter>
    </ClCompile>
    <ClCompile Include="..\src\url.cpp">
      <Filter>Source Files</Filter>
    </ClCompile>
    <ClCompile Include="WTLHtmlView.cpp">
      <Filter>Source Files</Filter>
    </ClCompile>
    <ClCompile Include="..\src\OdbcArchiver.cpp">
      <Filter>Source Files</Filter>
    </ClCompile>
    <ClCompile Include="..\src\DataDictionary.cpp">
      <Filter>Source Files</Filter>
    </ClCompile>
  </ItemGroup>
  <ItemGroup>
    <Midl Include="MtConnectDboardGui.idl">
      <Filter>Source Files</Filter>
    </Midl>
  </ItemGroup>
  <ItemGroup>
    <ClInclude Include="_IDboardNotificationEvents_CP.h">
      <Filter>Header Files</Filter>
    </ClInclude>
    <ClInclude Include="AboutDlg.h">
      <Filter>Header Files</Filter>
    </ClInclude>
    <ClInclude Include="CMTConnectTrayIcon.h">
      <Filter>Header Files</Filter>
    </ClInclude>
    <ClInclude Include="DboardNotification.h">
      <Filter>Header Files</Filter>
    </ClInclude>
    <ClInclude Include="MainFrm.h">
      <Filter>Header Files</Filter>
    </ClInclude>
    <ClInclude Include="resource.h">
      <Filter>Header Files</Filter>
    </ClInclude>
    <ClInclude Include="SiteImpl.h">
      <Filter>Header Files</Filter>
    </ClInclude>
    <ClInclude Include="stdafx.h">
      <Filter>Header Files</Filter>
    </ClInclude>
    <ClInclude Include="WTLHtmlView.h">
      <Filter>Header Files</Filter>
    </ClInclude>
    <ClInclude Include="..\src\OdbcArchiver.h">
      <Filter>Header Files</Filter>
    </ClInclude>
  </ItemGroup>
  <ItemGroup>
    <None Include="CDummy.rgs">
      <Filter>Resource Files</Filter>
    </None>
    <None Include="res\cii.JPG">
      <Filter>Resource Files</Filter>
    </None>
    <None Include="res\clear.ico">
      <Filter>Resource Files</Filter>
    </None>
    <None Include="CMTConnectTrayIcon.rgs">
      <Filter>Resource Files</Filter>
    </None>
    <None Include="DboardNotification.rgs">
      <Filter>Resource Files</Filter>
    </None>
    <None Include="res\idle.ico">
      <Filter>Resource Files</Filter>
    </None>
    <None Include="res\idr_main.ico">
      <Filter>Resource Files</Filter>
    </None>
    <None Include="res\MtConnectDboardGui.ico">
      <Filter>Resource Files</Filter>
    </None>
    <None Include="MtConnectDboardGui.rgs">
      <Filter>Resource Files</Filter>
    </None>
    <None Include="res\rt_html1.bin">
      <Filter>Resource Files</Filter>
    </None>
    <None Include="res\rt_html2.bin">
      <Filter>Resource Files</Filter>
    </None>
    <None Include="res\stop.ico">
      <Filter>Resource Files</Filter>
    </None>
    <None Include="res\cii.png" />
    <None Include="res\cssStyle.html" />
    <None Include="res\datetimepicker.js" />
    <None Include="res\FaultHistory.html" />
    <None Include="res\html2.htm" />
    <None Include="res\mt5jsmtconnect.html" />
    <None Include="Notes.txt" />
  </ItemGroup>
  <ItemGroup>
    <ResourceCompile Include="MtConnectDboardGui.rc">
      <Filter>Resource Files</Filter>
    </ResourceCompile>
  </ItemGroup>
</Project>