<?xml version="1.0" encoding="utf-8"?>
<Project ToolsVersion="4.0" xmlns="http://schemas.microsoft.com/developer/msbuild/2003">
  <ItemGroup>
    <ClCompile Include="AgentThread.cpp" />
    <ClCompile Include="CmdCell.cpp" />
    <ClCompile Include="CMSDCommandCell.cpp" />
    <ClCompile Include="CMSDCommandCellView.cpp" />
    <ClCompile Include="MainFrm.cpp" />
    <ClCompile Include="MTCAgentCmd.cpp" />
    <ClCompile Include="stdafx.cpp" />
    <ClCompile Include="..\..\..\..\..\..\src\CMSD\CMSD\SchemaTypes.cpp" />
    <ClCompile Include="..\..\..\..\..\..\src\CMSD\CMSD\StructInfo.cpp" />
    <ClCompile Include="..\..\src\NIST\AgentCfg.cpp" />
    <ClCompile Include="..\..\src\NIST\MTConnectDeviceParser.cpp" />
    <ClCompile Include="..\..\src\NIST\MTConnectStreamsParser.cpp" />
    <ClCompile Include="..\..\src\NIST\ShdrBackEnd.cpp" />
    <ClCompile Include="..\..\src\NIST\SimpleReflection.cpp" />
    <ClCompile Include="..\..\src\NIST\WTLHtmlView.cpp" />
    <ClCompile Include="..\..\..\..\..\..\src\CMSD\CMSD\AltovaException.cpp">
      <Filter>CMSD</Filter>
    </ClCompile>
    <ClCompile Include="..\..\..\..\..\..\src\CMSD\CMSD\CMSD-typeinfo.cpp">
      <Filter>CMSD</Filter>
    </ClCompile>
    <ClCompile Include="..\..\..\..\..\..\src\CMSD\CMSD\CMSD.cpp">
      <Filter>CMSD</Filter>
    </ClCompile>
    <ClCompile Include="..\..\..\..\..\..\src\CMSD\CMSD\Node.cpp">
      <Filter>CMSD</Filter>
    </ClCompile>
    <ClCompile Include="..\..\..\..\..\..\src\CMSD\CMSD\xs-types.cpp">
      <Filter>CMSD</Filter>
    </ClCompile>
    <ClCompile Include="..\..\..\..\..\..\src\CMSD\CMSD\xs-datetime.cpp">
      <Filter>CMSD</Filter>
    </ClCompile>
    <ClCompile Include="..\..\..\..\..\..\src\CMSD\CMSD\XmlException.cpp">
      <Filter>CMSD</Filter>
    </ClCompile>
    <ClCompile Include="..\..\src\NIST\CMSDIntegrator.cpp" />
    <ClCompile Include="..\..\src\Agent\agent\adapter.cpp">
      <Filter>Agent</Filter>
    </ClCompile>
    <ClCompile Include="..\..\src\Agent\agent\agent.cpp">
      <Filter>Agent</Filter>
    </ClCompile>
    <ClCompile Include="..\..\src\Agent\agent\asset.cpp">
      <Filter>Agent</Filter>
    </ClCompile>
    <ClCompile Include="..\..\src\Agent\agent\change_observer.cpp">
      <Filter>Agent</Filter>
    </ClCompile>
    <ClCompile Include="..\..\src\Agent\agent\checkpoint.cpp">
      <Filter>Agent</Filter>
    </ClCompile>
    <ClCompile Include="..\..\src\Agent\agent\component.cpp">
      <Filter>Agent</Filter>
    </ClCompile>
    <ClCompile Include="..\..\src\Agent\agent\component_event.cpp">
      <Filter>Agent</Filter>
    </ClCompile>
    <ClCompile Include="..\..\src\Agent\agent\config.cpp">
      <Filter>Agent</Filter>
    </ClCompile>
    <ClCompile Include="..\..\src\Agent\agent\connector.cpp">
      <Filter>Agent</Filter>
    </ClCompile>
    <ClCompile Include="..\..\src\Agent\agent\cppagent.cpp">
      <Filter>Agent</Filter>
    </ClCompile>
    <ClCompile Include="..\..\src\Agent\agent\cutting_tool.cpp">
      <Filter>Agent</Filter>
    </ClCompile>
    <ClCompile Include="..\..\src\Agent\agent\data_item.cpp">
      <Filter>Agent</Filter>
    </ClCompile>
    <ClCompile Include="..\..\src\Agent\agent\device.cpp">
      <Filter>Agent</Filter>
    </ClCompile>
    <ClCompile Include="..\..\src\Agent\agent\globals.cpp">
      <Filter>Agent</Filter>
    </ClCompile>
    <ClCompile Include="..\..\src\Agent\agent\options.cpp">
      <Filter>Agent</Filter>
    </ClCompile>
    <ClCompile Include="..\..\src\Agent\agent\ref_counted.cpp">
      <Filter>Agent</Filter>
    </ClCompile>
    <ClCompile Include="..\..\src\Agent\agent\service.cpp">
      <Filter>Agent</Filter>
    </ClCompile>
    <ClCompile Include="..\..\src\Agent\agent\version.cpp">
      <Filter>Agent</Filter>
    </ClCompile>
    <ClCompile Include="..\..\src\Agent\agent\xml_parser.cpp">
      <Filter>Agent</Filter>
    </ClCompile>
    <ClCompile Include="..\..\src\Agent\agent\xml_printer.cpp">
      <Filter>Agent</Filter>
    </ClCompile>
    <ClCompile Include="StateModel.cpp" />
    <ClCompile Include="EquationSolver.cpp" />
    <ClCompile Include="HtmlTable.cpp" />
  </ItemGroup>
  <ItemGroup>
    <ClInclude Include="AgentThread.h" />
    <ClInclude Include="CmdCell.h" />
    <ClInclude Include="CMSDCommandCellView.h" />
    <ClInclude Include="MainFrm.h" />
    <ClInclude Include="MTCAgentCmd.h" />
    <ClInclude Include="resource.h" />
    <ClInclude Include="..\..\src\NIST\RunProcess.h" />
    <ClInclude Include="stdafx.h" />
    <ClInclude Include="..\..\src\ListControl\dirent.h" />
    <ClInclude Include="..\..\src\ListControl\dragdrop.h" />
    <ClInclude Include="..\..\src\ListControl\TitleTip.h" />
    <ClInclude Include="..\..\src\NIST\AgentCfg.h" />
    <ClInclude Include="..\..\src\NIST\clogger.h" />
    <ClInclude Include="..\..\src\NIST\Config.h" />
    <ClInclude Include="..\..\src\NIST\dirent.h" />
    <ClInclude Include="..\..\src\NIST\Logger.h" />
    <ClInclude Include="..\..\src\NIST\MTConnectDeviceParser.h" />
    <ClInclude Include="..\..\src\NIST\MTConnectStreamsParser.h" />
    <ClInclude Include="..\..\src\NIST\ShdrBackEnd.h" />
    <ClInclude Include="..\..\src\NIST\SimpleReflection.h" />
    <ClInclude Include="..\..\src\NIST\StdStringFcn.h" />
    <ClInclude Include="..\..\src\NIST\WTLHtmlView.h" />
    <ClInclude Include="..\..\src\ListControl\ListCombo.h">
      <Filter>ListCntrl</Filter>
    </ClInclude>
    <ClInclude Include="..\..\src\ListControl\ListViewCtrl.h">
      <Filter>ListCntrl</Filter>
    </ClInclude>
    <ClInclude Include="..\..\src\ListControl\ListCtrl.h">
      <Filter>ListCntrl</Filter>
    </ClInclude>
    <ClInclude Include="..\..\src\ListControl\ListDate.h">
      <Filter>ListCntrl</Filter>
    </ClInclude>
    <ClInclude Include="..\..\src\ListControl\ListEdit.h">
      <Filter>ListCntrl</Filter>
    </ClInclude>
    <ClInclude Include="..\..\src\ListControl\ListTypes.h">
      <Filter>ListCntrl</Filter>
    </ClInclude>
    <ClInclude Include="..\src\ListViewCtrl.h">
      <Filter>ListCntrl</Filter>
    </ClInclude>
    <ClInclude Include="..\..\src\ListControl\cctlcolor.h">
      <Filter>ListCntrl</Filter>
    </ClInclude>
    <ClInclude Include="..\..\src\ListControl\DropArrows.h">
      <Filter>ListCntrl</Filter>
    </ClInclude>
    <ClInclude Include="..\..\src\NIST\CMSDIntegrator.h" />
    <ClInclude Include="..\..\src\Agent\agent\adapter.hpp">
      <Filter>Agent</Filter>
    </ClInclude>
    <ClInclude Include="..\..\src\Agent\agent\agent.hpp">
      <Filter>Agent</Filter>
    </ClInclude>
    <ClInclude Include="..\..\src\Agent\agent\asset.hpp">
      <Filter>Agent</Filter>
    </ClInclude>
    <ClInclude Include="..\..\src\Agent\agent\change_observer.hpp">
      <Filter>Agent</Filter>
    </ClInclude>
    <ClInclude Include="..\..\src\Agent\agent\checkpoint.hpp">
      <Filter>Agent</Filter>
    </ClInclude>
    <ClInclude Include="..\..\src\Agent\agent\component.hpp">
      <Filter>Agent</Filter>
    </ClInclude>
    <ClInclude Include="..\..\src\Agent\agent\component_event.hpp">
      <Filter>Agent</Filter>
    </ClInclude>
    <ClInclude Include="..\..\src\Agent\agent\config.hpp">
      <Filter>Agent</Filter>
    </ClInclude>
    <ClInclude Include="..\..\src\Agent\agent\connector.hpp">
      <Filter>Agent</Filter>
    </ClInclude>
    <ClInclude Include="..\..\src\Agent\agent\cutting_tool.hpp">
      <Filter>Agent</Filter>
    </ClInclude>
    <ClInclude Include="..\..\src\Agent\agent\data_item.hpp">
      <Filter>Agent</Filter>
    </ClInclude>
    <ClInclude Include="..\..\src\Agent\agent\device.hpp">
      <Filter>Agent</Filter>
    </ClInclude>
    <ClInclude Include="..\..\src\Agent\agent\globals.hpp">
      <Filter>Agent</Filter>
    </ClInclude>
    <ClInclude Include="..\..\src\Agent\agent\options.hpp">
      <Filter>Agent</Filter>
    </ClInclude>
    <ClInclude Include="..\..\src\Agent\agent\ref_counted.hpp">
      <Filter>Agent</Filter>
    </ClInclude>
    <ClInclude Include="..\..\src\Agent\agent\service.hpp">
      <Filter>Agent</Filter>
    </ClInclude>
    <ClInclude Include="..\..\src\Agent\agent\stdint.h">
      <Filter>Agent</Filter>
    </ClInclude>
    <ClInclude Include="..\..\src\Agent\agent\version.h">
      <Filter>Agent</Filter>
    </ClInclude>
    <ClInclude Include="..\..\src\Agent\agent\xml_parser.hpp">
      <Filter>Agent</Filter>
    </ClInclude>
    <ClInclude Include="..\..\src\Agent\agent\xml_printer.hpp">
      <Filter>Agent</Filter>
    </ClInclude>
    <ClInclude Include="StateModel.h" />
    <ClInclude Include="Numerics.h" />
    <ClInclude Include="EquationSolver.h" />
    <ClInclude Include="HtmlTable.h" />
  </ItemGroup>
  <ItemGroup>
    <ResourceCompile Include="CMSDCommandCell.rc" />
  </ItemGroup>
  <ItemGroup>
    <None Include="res\Add.bmp" />
    <None Include="res\CMSDCommandCell.ico" />
    <None Include="res\ExampleItems.bmp" />
    <None Include="res\toolbar.bmp" />
    <None Include="notes.txt" />
    <None Include="res\ListItems.bmp">
      <Filter>ListCntrl</Filter>
    </None>
    <None Include="res\hand.cur">
      <Filter>ListCntrl</Filter>
    </None>
    <None Include="res\divider.cur">
      <Filter>ListCntrl</Filter>
    </None>
    <None Include="..\..\src\Agent\agent\jsmtconnect.txt">
      <Filter>Agent</Filter>
    </None>
    <None Include="..\..\src\Agent\agent\version.h.in">
      <Filter>Agent</Filter>
    </None>
    <None Include="..\..\..\..\..\..\..\..\Documents and Settings\michalos\My Documents\My Pictures\Merge.ico" />
    <None Include="notes1.txt" />
    <None Include="Todo.txt" />
    <None Include="ClassDiagram1.cd" />
  </ItemGroup>
  <ItemGroup>
    <Filter Include="CMSD">
      <UniqueIdentifier>{c0aab071-9668-45e6-9dfe-299a23c2f9e8}</UniqueIdentifier>
    </Filter>
    <Filter Include="ListCntrl">
      <UniqueIdentifier>{be8b8ec7-6ca5-4beb-afd9-bb7ffce63acd}</UniqueIdentifier>
    </Filter>
    <Filter Include="Agent">
      <UniqueIdentifier>{8bf7020c-7ed4-4cc2-a963-bb7a53858e45}</UniqueIdentifier>
    </Filter>
  </ItemGroup>
</Project>