<?xml version="1.0" encoding="utf-8"?>
<Project ToolsVersion="4.0" xmlns="http://schemas.microsoft.com/developer/msbuild/2003">
  <ItemGroup>
    <Filter Include="Source Files">
      <UniqueIdentifier>{b8b204eb-8cae-4caf-a85f-83d6dd72a32a}</UniqueIdentifier>
      <Extensions>cpp;c;cxx;def;odl;idl;hpj;bat;asm</Extensions>
    </Filter>
    <Filter Include="Header Files">
      <UniqueIdentifier>{5213840d-770e-4a9a-8b55-02b4709d0770}</UniqueIdentifier>
      <Extensions>h;hpp;hxx;hm;inl;inc</Extensions>
    </Filter>
    <Filter Include="Resource Files">
      <UniqueIdentifier>{dd1a9a75-ae42-409d-95eb-5e5296bdd408}</UniqueIdentifier>
      <Extensions>rc;ico;cur;bmp;dlg;rc2;rct;bin;rgs;jpg;jpeg;jpe;manifest</Extensions>
    </Filter>
    <Filter Include="Math">
      <UniqueIdentifier>{ace9fa88-9d24-4b37-b4e2-3ee38a221b0d}</UniqueIdentifier>
    </Filter>
  </ItemGroup>
  <ItemGroup>
    <ClCompile Include="ComMTCShdrBackEnd.cpp">
      <Filter>Source Files</Filter>
    </ClCompile>
    <ClCompile Include="MainFrm.cpp">
      <Filter>Source Files</Filter>
    </ClCompile>
    <ClCompile Include="MTConnectDeviceParser.cpp">
      <Filter>Source Files</Filter>
    </ClCompile>
    <ClCompile Include="MTCShdrBackEnd_i.c">
      <Filter>Source Files</Filter>
    </ClCompile>
    <ClCompile Include="ShdrEcho.cpp">
      <Filter>Source Files</Filter>
    </ClCompile>
    <ClCompile Include="ShdrFileEchoView.cpp">
      <Filter>Source Files</Filter>
    </ClCompile>
    <ClCompile Include="ShdrPlayback.cpp">
      <Filter>Source Files</Filter>
    </ClCompile>
    <ClCompile Include="stdafx.cpp">
      <Filter>Source Files</Filter>
    </ClCompile>
    <ClCompile Include="..\src\Math\mtrand.cpp">
      <Filter>Math</Filter>
    </ClCompile>
    <ClCompile Include="..\src\Math\rv.cpp">
      <Filter>Math</Filter>
    </ClCompile>
    <ClCompile Include="..\src\Math\SimMath.cpp">
      <Filter>Math</Filter>
    </ClCompile>
    <ClCompile Include="..\src\Math\SimMathTest.cpp">
      <Filter>Math</Filter>
    </ClCompile>
  </ItemGroup>
  <ItemGroup>
    <ClInclude Include="ComMTCShdrBackEnd.h">
      <Filter>Header Files</Filter>
    </ClInclude>
    <ClInclude Include="Config.h">
      <Filter>Header Files</Filter>
    </ClInclude>
    <ClInclude Include="Logger.h">
      <Filter>Header Files</Filter>
    </ClInclude>
    <ClInclude Include="MainFrm.h">
      <Filter>Header Files</Filter>
    </ClInclude>
    <ClInclude Include="MTConnectDeviceParser.h">
      <Filter>Header Files</Filter>
    </ClInclude>
    <ClInclude Include="resource.h">
      <Filter>Header Files</Filter>
    </ClInclude>
    <ClInclude Include="ShdrEcho.h">
      <Filter>Header Files</Filter>
    </ClInclude>
    <ClInclude Include="ShdrFileEchoView.h">
      <Filter>Header Files</Filter>
    </ClInclude>
    <ClInclude Include="stdafx.h">
      <Filter>Header Files</Filter>
    </ClInclude>
    <ClInclude Include="StdStringFcn.h">
      <Filter>Header Files</Filter>
    </ClInclude>
    <ClInclude Include="..\src\Math\adevs_rand.h">
      <Filter>Math</Filter>
    </ClInclude>
    <ClInclude Include="..\src\Math\RunningStat.h">
      <Filter>Math</Filter>
    </ClInclude>
    <ClInclude Include="..\src\Math\SimMath.h">
      <Filter>Math</Filter>
    </ClInclude>
  </ItemGroup>
  <ItemGroup>
    <None Include="res\112_RefreshArrow_Blue.ico">
      <Filter>Resource Files</Filter>
    </None>
    <None Include="res\112_RightArrowShort_Green.ico">
      <Filter>Resource Files</Filter>
    </None>
    <None Include="res\GoLtr.bmp">
      <Filter>Resource Files</Filter>
    </None>
    <None Include="res\ShdrPlayback.ico">
      <Filter>Resource Files</Filter>
    </None>
    <None Include="res\Stop.bmp">
      <Filter>Resource Files</Filter>
    </None>
    <None Include="res\toolbar.bmp">
      <Filter>Resource Files</Filter>
    </None>
    <None Include="Notes.txt" />
    <None Include="StateMachine.txt" />
  </ItemGroup>
  <ItemGroup>
    <ResourceCompile Include="ShdrPlayback.rc">
      <Filter>Resource Files</Filter>
    </ResourceCompile>
  </ItemGroup>
</Project>